
Microsoft Visual Studio Solution File, Format Version 12.00
# Visual Studio Version 16
VisualStudioVersion = 16.0.29709.97
MinimumVisualStudioVersion = 10.0.40219.1
Project("{9A19103F-16F7-4668-BE54-9A1E7A4F7556}") = "DAM.GraphQL.Repository", "src\DAM.GraphQL.Repository\DAM.GraphQL.Repository.csproj", "{AB5CE696-081E-461A-B44B-BA22B0B5BE7E}"
EndProject
Project("{9A19103F-16F7-4668-BE54-9A1E7A4F7556}") = "DAM.GraphQL.Schemas", "src\DAM.GraphQL.Schemas\DAM.GraphQL.Schemas.csproj", "{0E8AF4C6-023F-4284-ADDE-6B29C5DA9BF2}"
EndProject
Project("{9A19103F-16F7-4668-BE54-9A1E7A4F7556}") = "DAM.GraphQL.Repository.Fakes", "src\DAM.GraphQL.Repository.Fakes\DAM.GraphQL.Repository.Fakes.csproj", "{5A17E77A-B42D-463F-B7BF-EAB328B46504}"
EndProject
Project("{9A19103F-16F7-4668-BE54-9A1E7A4F7556}") = "DAM.GraphQL.Server", "src\DAM.GraphQL.Server\DAM.GraphQL.Server.csproj", "{55CFBF21-51E7-4B67-8A11-3BAE83E07091}"
EndProject
Project("{9A19103F-16F7-4668-BE54-9A1E7A4F7556}") = "DAM.GraphQL.Configuration", "src\DAM.GraphQL.Configuration\DAM.GraphQL.Configuration.csproj", "{A1998CAD-2D53-4CE7-91C5-AA1474461250}"
EndProject
Project("{2150E333-8FDC-42A3-9474-1A3956D46DE8}") = "Services", "Services", "{5BFD48FB-FF1B-4E87-835A-FDB7B0D6764A}"
EndProject
Project("{9A19103F-16F7-4668-BE54-9A1E7A4F7556}") = "BlobStorage", "src\DAM.Services\BlobStorage\BlobStorage.csproj", "{1A2AC285-0EAA-400F-8787-DBF9B2CB6E09}"
EndProject
Project("{9A19103F-16F7-4668-BE54-9A1E7A4F7556}") = "DAM.GraphQL.Repository.Actors", "src\DAM.GraphQL.Repository.Actors\DAM.GraphQL.Repository.Actors.csproj", "{2820E820-16B4-48D5-847A-E4C5B60D104F}"
EndProject
Global
	GlobalSection(SolutionConfigurationPlatforms) = preSolution
		Debug|Any CPU = Debug|Any CPU
		Release|Any CPU = Release|Any CPU
	EndGlobalSection
	GlobalSection(ProjectConfigurationPlatforms) = postSolution
		{AB5CE696-081E-461A-B44B-BA22B0B5BE7E}.Debug|Any CPU.ActiveCfg = Debug|Any CPU
		{AB5CE696-081E-461A-B44B-BA22B0B5BE7E}.Debug|Any CPU.Build.0 = Debug|Any CPU
		{AB5CE696-081E-461A-B44B-BA22B0B5BE7E}.Release|Any CPU.ActiveCfg = Release|Any CPU
		{AB5CE696-081E-461A-B44B-BA22B0B5BE7E}.Release|Any CPU.Build.0 = Release|Any CPU
		{0E8AF4C6-023F-4284-ADDE-6B29C5DA9BF2}.Debug|Any CPU.ActiveCfg = Debug|Any CPU
		{0E8AF4C6-023F-4284-ADDE-6B29C5DA9BF2}.Debug|Any CPU.Build.0 = Debug|Any CPU
		{0E8AF4C6-023F-4284-ADDE-6B29C5DA9BF2}.Release|Any CPU.ActiveCfg = Release|Any CPU
		{0E8AF4C6-023F-4284-ADDE-6B29C5DA9BF2}.Release|Any CPU.Build.0 = Release|Any CPU
		{5A17E77A-B42D-463F-B7BF-EAB328B46504}.Debug|Any CPU.ActiveCfg = Debug|Any CPU
		{5A17E77A-B42D-463F-B7BF-EAB328B46504}.Debug|Any CPU.Build.0 = Debug|Any CPU
		{5A17E77A-B42D-463F-B7BF-EAB328B46504}.Release|Any CPU.ActiveCfg = Release|Any CPU
		{5A17E77A-B42D-463F-B7BF-EAB328B46504}.Release|Any CPU.Build.0 = Release|Any CPU
		{55CFBF21-51E7-4B67-8A11-3BAE83E07091}.Debug|Any CPU.ActiveCfg = Debug|Any CPU
		{55CFBF21-51E7-4B67-8A11-3BAE83E07091}.Debug|Any CPU.Build.0 = Debug|Any CPU
		{55CFBF21-51E7-4B67-8A11-3BAE83E07091}.Release|Any CPU.ActiveCfg = Release|Any CPU
		{55CFBF21-51E7-4B67-8A11-3BAE83E07091}.Release|Any CPU.Build.0 = Release|Any CPU
		{A1998CAD-2D53-4CE7-91C5-AA1474461250}.Debug|Any CPU.ActiveCfg = Debug|Any CPU
		{A1998CAD-2D53-4CE7-91C5-AA1474461250}.Debug|Any CPU.Build.0 = Debug|Any CPU
		{A1998CAD-2D53-4CE7-91C5-AA1474461250}.Release|Any CPU.ActiveCfg = Release|Any CPU
		{A1998CAD-2D53-4CE7-91C5-AA1474461250}.Release|Any CPU.Build.0 = Release|Any CPU
		{1A2AC285-0EAA-400F-8787-DBF9B2CB6E09}.Debug|Any CPU.ActiveCfg = Debug|Any CPU
		{1A2AC285-0EAA-400F-8787-DBF9B2CB6E09}.Debug|Any CPU.Build.0 = Debug|Any CPU
		{1A2AC285-0EAA-400F-8787-DBF9B2CB6E09}.Release|Any CPU.ActiveCfg = Release|Any CPU
		{1A2AC285-0EAA-400F-8787-DBF9B2CB6E09}.Release|Any CPU.Build.0 = Release|Any CPU
		{2820E820-16B4-48D5-847A-E4C5B60D104F}.Debug|Any CPU.ActiveCfg = Debug|Any CPU
		{2820E820-16B4-48D5-847A-E4C5B60D104F}.Debug|Any CPU.Build.0 = Debug|Any CPU
		{2820E820-16B4-48D5-847A-E4C5B60D104F}.Release|Any CPU.ActiveCfg = Release|Any CPU
		{2820E820-16B4-48D5-847A-E4C5B60D104F}.Release|Any CPU.Build.0 = Release|Any CPU
	EndGlobalSection
	GlobalSection(SolutionProperties) = preSolution
		HideSolutionNode = FALSE
	EndGlobalSection
	GlobalSection(NestedProjects) = preSolution
		{1A2AC285-0EAA-400F-8787-DBF9B2CB6E09} = {5BFD48FB-FF1B-4E87-835A-FDB7B0D6764A}
	EndGlobalSection
	GlobalSection(ExtensibilityGlobals) = postSolution
		SolutionGuid = {12FF07D2-C9F4-40A1-9DF6-9CE0B20B1908}
	EndGlobalSection
EndGlobal
